
Microsoft Visual Studio Solution File, Format Version 12.00
# Visual Studio Version 17
VisualStudioVersion = 17.1.32210.238
MinimumVisualStudioVersion = 10.0.40219.1
Project("{FAE04EC0-301F-11D3-BF4B-00C04F79EFBC}") = "ViniAPI_1 Exemplo", "ViniAPI_1 Exemplo.csproj", "{CE992740-BEB8-4A7A-BBB6-491487EA036A}"
EndProject
Global
	GlobalSection(SolutionConfigurationPlatforms) = preSolution
		Debug|Any CPU = Debug|Any CPU
		Release|Any CPU = Release|Any CPU
	EndGlobalSection
	GlobalSection(ProjectConfigurationPlatforms) = postSolution
		{CE992740-BEB8-4A7A-BBB6-491487EA036A}.Debug|Any CPU.ActiveCfg = Debug|Any CPU
		{CE992740-BEB8-4A7A-BBB6-491487EA036A}.Debug|Any CPU.Build.0 = Debug|Any CPU
		{CE992740-BEB8-4A7A-BBB6-491487EA036A}.Release|Any CPU.ActiveCfg = Release|Any CPU
		{CE992740-BEB8-4A7A-BBB6-491487EA036A}.Release|Any CPU.Build.0 = Release|Any CPU
	EndGlobalSection
	GlobalSection(SolutionProperties) = preSolution
		HideSolutionNode = FALSE
	EndGlobalSection
	GlobalSection(ExtensibilityGlobals) = postSolution
		SolutionGuid = {2EC3E176-6796-44CF-B781-C5C32B74346A}
	EndGlobalSection
EndGlobal
